{
    "requires": true,
    "lockfileVersion": 1,
    "dependencies": {
        "bootstrap": {
            "version": "5.1.3",
            "resolved": "https://registry.npmjs.org/bootstrap/-/bootstrap-5.1.3.tgz",
            "integrity": "sha512-fcQztozJ8jToQWXxVuEyXWW+dSo8AiXWKwiSSrKWsRB/Qt+Ewwza+JWoLKiTuQLaEPhdNAJ7+Dosc9DOIqNy7Q=="
        },
        "bootstrap-icons": {
            "version": "1.7.2",
            "resolved": "https://registry.npmjs.org/bootstrap-icons/-/bootstrap-icons-1.7.2.tgz",
            "integrity": "sha512-NiR2PqC73AQOPdVSu6GJfnk+hN2z6powcistXk1JgPnKuoV2FSdSl26w931Oz9HYbKCcKUSB6ncZTYJAYJl3QQ=="
        },
        "chart.js": {
            "version": "3.6.2",
            "resolved": "https://registry.npmjs.org/chart.js/-/chart.js-3.6.2.tgz",
            "integrity": "sha512-Xz7f/fgtVltfQYWq0zL1Xbv7N2inpG+B54p3D5FSvpCdy3sM+oZhbqa42eNuYXltaVvajgX5UpKCU2GeeJIgxg=="
        },
        "es6-object-assign": {
            "version": "1.1.0",
            "resolved": "https://registry.npmjs.org/es6-object-assign/-/es6-object-assign-1.1.0.tgz",
            "integrity": "sha1-wsNYJlYkfDnqEHyx5mUrb58kUjw=",
            "dev": true
        },
        "jquery": {
            "version": "3.6.0",
            "resolved": "https://registry.npmjs.org/jquery/-/jquery-3.6.0.tgz",
            "integrity": "sha512-JVzAR/AjBvVt2BmYhxRCSYysDsPcssdmTFnzyLEts9qNwmjmu4JTAMYubEfwVOSwpQ1I1sKKFcxhZCI2buerfw=="
        },
        "promise-polyfill": {
            "version": "6.1.0",
            "resolved": "https://registry.npmjs.org/promise-polyfill/-/promise-polyfill-6.1.0.tgz",
            "integrity": "sha1-36lpQ+qcEh/KTem1hoyznTRy4Fc=",
            "dev": true
        },
        "sweetalert": {
            "version": "2.1.2",
            "resolved": "https://registry.npmjs.org/sweetalert/-/sweetalert-2.1.2.tgz",
            "integrity": "sha512-iWx7X4anRBNDa/a+AdTmvAzQtkN1+s4j/JJRWlHpYE8Qimkohs8/XnFcWeYHH2lMA8LRCa5tj2d244If3S/hzA==",
            "dev": true,
            "requires": {
                "es6-object-assign": "^1.1.0",
                "promise-polyfill": "^6.0.2"
            }
        },
        "sweetalert2": {
            "version": "11.3.0",
            "resolved": "https://registry.npmjs.org/sweetalert2/-/sweetalert2-11.3.0.tgz",
            "integrity": "sha512-C0TFp0VLxgx+PmhJ0mL8qzx+iYjnCLdDbvQHKY6KAGI+xwawMvLkStPgw2LmJl6itaDhR/qLQStPFIbr1VK9Ow=="
        }
    }
}
